
Microsoft Visual Studio Solution File, Format Version 12.00
# Visual Studio Version 17
VisualStudioVersion = 17.3.32922.545
MinimumVisualStudioVersion = 10.0.40219.1
Project("{8BC9CEB8-8B4A-11D0-8D11-00A0C91BC942}") = "vs-work2-week5", "vs-work2-week5.vcxproj", "{36BEA615-6B7A-40C6-9840-7B35336A635A}"
EndProject
Global
	GlobalSection(SolutionConfigurationPlatforms) = preSolution
		Debug|x64 = Debug|x64
		Debug|x86 = Debug|x86
		Release|x64 = Release|x64
		Release|x86 = Release|x86
	EndGlobalSection
	GlobalSection(ProjectConfigurationPlatforms) = postSolution
		{36BEA615-6B7A-40C6-9840-7B35336A635A}.Debug|x64.ActiveCfg = Debug|x64
		{36BEA615-6B7A-40C6-9840-7B35336A635A}.Debug|x64.Build.0 = Debug|x64
		{36BEA615-6B7A-40C6-9840-7B35336A635A}.Debug|x86.ActiveCfg = Debug|Win32
		{36BEA615-6B7A-40C6-9840-7B35336A635A}.Debug|x86.Build.0 = Debug|Win32
		{36BEA615-6B7A-40C6-9840-7B35336A635A}.Release|x64.ActiveCfg = Release|x64
		{36BEA615-6B7A-40C6-9840-7B35336A635A}.Release|x64.Build.0 = Release|x64
		{36BEA615-6B7A-40C6-9840-7B35336A635A}.Release|x86.ActiveCfg = Release|Win32
		{36BEA615-6B7A-40C6-9840-7B35336A635A}.Release|x86.Build.0 = Release|Win32
	EndGlobalSection
	GlobalSection(SolutionProperties) = preSolution
		HideSolutionNode = FALSE
	EndGlobalSection
	GlobalSection(ExtensibilityGlobals) = postSolution
		SolutionGuid = {8BD5446D-A409-47A4-9670-6EBDAA1F69AA}
	EndGlobalSection
EndGlobal
